{
			"name": "0x02-ES6_classes",
			"lockfileVersion": 3,
			"requires": true,
			"packages": {
						"": {
									"dependencies": {
												"Babel": "^0.0.1",
												"eslist": "^1.0.0-beta.1"
									}
						},
						"node_modules/Babel": {
									"version": "0.0.1",
									"resolved": "https://registry.npmjs.org/Babel/-/Babel-0.0.1.tgz",
									"integrity": "sha512-RWEzb4K28gBlQPMjARJYPTBsrVhQNIM2AqpeouW0yZCCO/7Sei88qouGyuuJEoo7ql6mfCkwEACqPhfuY6sYTw==",
									"dependencies": {
												"step": "0.0.x",
												"underscore": "1.x.x"
									},
									"engines": {
												"node": "*"
									}
						},
						"node_modules/eslist": {
									"version": "1.0.0-beta.1",
									"resolved": "https://registry.npmjs.org/eslist/-/eslist-1.0.0-beta.1.tgz",
									"integrity": "sha512-E62RN0l1yuH9O/RRdnB+MYTqB9/oPIc+0Y6N5HMzwTQJ1T4uAdGQS0S97E8UGsT/hCncv0NduaJztsnRRGkpVw=="
						},
						"node_modules/step": {
									"version": "0.0.6",
									"resolved": "https://registry.npmjs.org/step/-/step-0.0.6.tgz",
									"integrity": "sha512-qSSeQinUJk2w38vUFobjFoE307GqsozMC8VisOCkJLpklvKPT0ptPHwWOrENoag8rgLudvTkfP3bancwP93/Jw=="
						},
						"node_modules/underscore": {
									"version": "1.13.6",
									"resolved": "https://registry.npmjs.org/underscore/-/underscore-1.13.6.tgz",
									"integrity": "sha512-+A5Sja4HP1M08MaXya7p5LvjuM7K6q/2EaC0+iovj/wOcMsTzMvDFbasi/oSapiwOlt252IqsKqPjCl7huKS0A=="
						}
			}
}
